// !$*UTF8*$!
{
	archiveVersion = 1;
	classes = {
	};
	objectVersion = 48;
	objects = {

/* Begin PBXBuildFile section */
		B1339FAA22F189C40068E088 /* AppDelegate.swift in Sources */ = {isa = PBXBuildFile; fileRef = B1339FA922F189C40068E088 /* AppDelegate.swift */; };
		B1339FAC22F189C40068E088 /* ViewController.swift in Sources */ = {isa = PBXBuildFile; fileRef = B1339FAB22F189C40068E088 /* ViewController.swift */; };
		B1339FAF22F189C40068E088 /* Main.storyboard in Resources */ = {isa = PBXBuildFile; fileRef = B1339FAD22F189C40068E088 /* Main.storyboard */; };
		B1339FB122F189C40068E088 /* Assets.xcassets in Resources */ = {isa = PBXBuildFile; fileRef = B1339FB022F189C40068E088 /* Assets.xcassets */; };
		B1339FB422F189C40068E088 /* LaunchScreen.storyboard in Resources */ = {isa = PBXBuildFile; fileRef = B1339FB222F189C40068E088 /* LaunchScreen.storyboard */; };
		B1339FBF22F189C40068E088 /* b_tech_resultsTests.swift in Sources */ = {isa = PBXBuildFile; fileRef = B1339FBE22F189C40068E088 /* b_tech_resultsTests.swift */; };
		B1339FCA22F189C40068E088 /* b_tech_resultsUITests.swift in Sources */ = {isa = PBXBuildFile; fileRef = B1339FC922F189C40068E088 /* b_tech_resultsUITests.swift */; };
/* End PBXBuildFile section */

/* Begin PBXContainerItemProxy section */
		B1339FBB22F189C40068E088 /* PBXContainerItemProxy */ = {
			isa = PBXContainerItemProxy;
			containerPortal = B1339F9E22F189C40068E088 /* Project object */;
			proxyType = 1;
			remoteGlobalIDString = B1339FA522F189C40068E088;
			remoteInfo = "b.tech results";
		};
		B1339FC622F189C40068E088 /* PBXContainerItemProxy */ = {
			isa = PBXContainerItemProxy;
			containerPortal = B1339F9E22F189C40068E088 /* Project object */;
			proxyType = 1;
			remoteGlobalIDString = B1339FA522F189C40068E088;
			remoteInfo = "b.tech results";
		};
/* End PBXContainerItemProxy section */

/* Begin PBXFileReference section */
		B1339FA622F189C40068E088 /* b.tech results.app */ = {isa = PBXFileReference; explicitFileType = wrapper.application; includeInIndex = 0; path = "b.tech results.app"; sourceTree = BUILT_PRODUCTS_DIR; };
		B1339FA922F189C40068E088 /* AppDelegate.swift */ = {isa = PBXFileReference; lastKnownFileType = sourcecode.swift; path = AppDelegate.swift; sourceTree = "<group>"; };
		B1339FAB22F189C40068E088 /* ViewController.swift */ = {isa = PBXFileReference; lastKnownFileType = sourcecode.swift; path = ViewController.swift; sourceTree = "<group>"; };
		B1339FAE22F189C40068E088 /* Base */ = {isa = PBXFileReference; lastKnownFileType = file.storyboard; name = Base; path = Base.lproj/Main.storyboard; sourceTree = "<group>"; };
		B1339FB022F189C40068E088 /* Assets.xcassets */ = {isa = PBXFileReference; lastKnownFileType = folder.assetcatalog; path = Assets.xcassets; sourceTree = "<group>"; };
		B1339FB322F189C40068E088 /* Base */ = {isa = PBXFileReference; lastKnownFileType = file.storyboard; name = Base; path = Base.lproj/LaunchScreen.storyboard; sourceTree = "<group>"; };
		B1339FB522F189C40068E088 /* Info.plist */ = {isa = PBXFileReference; lastKnownFileType = text.plist.xml; path = Info.plist; sourceTree = "<group>"; };
		B1339FBA22F189C40068E088 /* b.tech resultsTests.xctest */ = {isa = PBXFileReference; explicitFileType = wrapper.cfbundle; includeInIndex = 0; path = "b.tech resultsTests.xctest"; sourceTree = BUILT_PRODUCTS_DIR; };
		B1339FBE22F189C40068E088 /* b_tech_resultsTests.swift */ = {isa = PBXFileReference; lastKnownFileType = sourcecode.swift; path = b_tech_resultsTests.swift; sourceTree = "<group>"; };
		B1339FC022F189C40068E088 /* Info.plist */ = {isa = PBXFileReference; lastKnownFileType = text.plist.xml; path = Info.plist; sourceTree = "<group>"; };
		B1339FC522F189C40068E088 /* b.tech resultsUITests.xctest */ = {isa = PBXFileReference; explicitFileType = wrapper.cfbundle; includeInIndex = 0; path = "b.tech resultsUITests.xctest"; sourceTree = BUILT_PRODUCTS_DIR; };
		B1339FC922F189C40068E088 /* b_tech_resultsUITests.swift */ = {isa = PBXFileReference; lastKnownFileType = sourcecode.swift; path = b_tech_resultsUITests.swift; sourceTree = "<group>"; };
		B1339FCB22F189C40068E088 /* Info.plist */ = {isa = PBXFileReference; lastKnownFileType = text.plist.xml; path = Info.plist; sourceTree = "<group>"; };
/* End PBXFileReference section */

/* Begin PBXFrameworksBuildPhase section */
		B1339FA322F189C40068E088 /* Frameworks */ = {
			isa = PBXFrameworksBuildPhase;
			buildActionMask = 2147483647;
			files = (
			);
			runOnlyForDeploymentPostprocessing = 0;
		};
		B1339FB722F189C40068E088 /* Frameworks */ = {
			isa = PBXFrameworksBuildPhase;
			buildActionMask = 2147483647;
			files = (
			);
			runOnlyForDeploymentPostprocessing = 0;
		};
		B1339FC222F189C40068E088 /* Frameworks */ = {
			isa = PBXFrameworksBuildPhase;
			buildActionMask = 2147483647;
			files = (
			);
			runOnlyForDeploymentPostprocessing = 0;
		};
/* End PBXFrameworksBuildPhase section */

/* Begin PBXGroup section */
		B1339F9D22F189C40068E088 = {
			isa = PBXGroup;
			children = (
				B1339FA822F189C40068E088 /* b.tech results */,
				B1339FBD22F189C40068E088 /* b.tech resultsTests */,
				B1339FC822F189C40068E088 /* b.tech resultsUITests */,
				B1339FA722F189C40068E088 /* Products */,
			);
			sourceTree = "<group>";
		};
		B1339FA722F189C40068E088 /* Products */ = {
			isa = PBXGroup;
			children = (
				B1339FA622F189C40068E088 /* b.tech results.app */,
				B1339FBA22F189C40068E088 /* b.tech resultsTests.xctest */,
				B1339FC522F189C40068E088 /* b.tech resultsUITests.xctest */,
			);
			name = Products;
			sourceTree = "<group>";
		};
		B1339FA822F189C40068E088 /* b.tech results */ = {
			isa = PBXGroup;
			children = (
				B1339FA922F189C40068E088 /* AppDelegate.swift */,
				B1339FAB22F189C40068E088 /* ViewController.swift */,
				B1339FAD22F189C40068E088 /* Main.storyboard */,
				B1339FB022F189C40068E088 /* Assets.xcassets */,
				B1339FB222F189C40068E088 /* LaunchScreen.storyboard */,
				B1339FB522F189C40068E088 /* Info.plist */,
			);
			path = "b.tech results";
			sourceTree = "<group>";
		};
		B1339FBD22F189C40068E088 /* b.tech resultsTests */ = {
			isa = PBXGroup;
			children = (
				B1339FBE22F189C40068E088 /* b_tech_resultsTests.swift */,
				B1339FC022F189C40068E088 /* Info.plist */,
			);
			path = "b.tech resultsTests";
			sourceTree = "<group>";
		};
		B1339FC822F189C40068E088 /* b.tech resultsUITests */ = {
			isa = PBXGroup;
			children = (
				B1339FC922F189C40068E088 /* b_tech_resultsUITests.swift */,
				B1339FCB22F189C40068E088 /* Info.plist */,
			);
			path = "b.tech resultsUITests";
			sourceTree = "<group>";
		};
/* End PBXGroup section */

/* Begin PBXNativeTarget section */
		B1339FA522F189C40068E088 /* b.tech results */ = {
			isa = PBXNativeTarget;
			buildConfigurationList = B1339FCE22F189C40068E088 /* Build configuration list for PBXNativeTarget "b.tech results" */;
			buildPhases = (
				B1339FA222F189C40068E088 /* Sources */,
				B1339FA322F189C40068E088 /* Frameworks */,
				B1339FA422F189C40068E088 /* Resources */,
			);
			buildRules = (
			);
			dependencies = (
			);
			name = "b.tech results";
			productName = "b.tech results";
			productReference = B1339FA622F189C40068E088 /* b.tech results.app */;
			productType = "com.apple.product-type.application";
		};
		B1339FB922F189C40068E088 /* b.tech resultsTests */ = {
			isa = PBXNativeTarget;
			buildConfigurationList = B1339FD122F189C40068E088 /* Build configuration list for PBXNativeTarget "b.tech resultsTests" */;
			buildPhases = (
				B1339FB622F189C40068E088 /* Sources */,
				B1339FB722F189C40068E088 /* Frameworks */,
				B1339FB822F189C40068E088 /* Resources */,
			);
			buildRules = (
			);
			dependencies = (
				B1339FBC22F189C40068E088 /* PBXTargetDependency */,
			);
			name = "b.tech resultsTests";
			productName = "b.tech resultsTests";
			productReference = B1339FBA22F189C40068E088 /* b.tech resultsTests.xctest */;
			productType = "com.apple.product-type.bundle.unit-test";
		};
		B1339FC422F189C40068E088 /* b.tech resultsUITests */ = {
			isa = PBXNativeTarget;
			buildConfigurationList = B1339FD422F189C40068E088 /* Build configuration list for PBXNativeTarget "b.tech resultsUITests" */;
			buildPhases = (
				B1339FC122F189C40068E088 /* Sources */,
				B1339FC222F189C40068E088 /* Frameworks */,
				B1339FC322F189C40068E088 /* Resources */,
			);
			buildRules = (
			);
			dependencies = (
				B1339FC722F189C40068E088 /* PBXTargetDependency */,
			);
			name = "b.tech resultsUITests";
			productName = "b.tech resultsUITests";
			productReference = B1339FC522F189C40068E088 /* b.tech resultsUITests.xctest */;
			productType = "com.apple.product-type.bundle.ui-testing";
		};
/* End PBXNativeTarget section */

/* Begin PBXProject section */
		B1339F9E22F189C40068E088 /* Project object */ = {
			isa = PBXProject;
			attributes = {
				LastSwiftUpdateCheck = 0920;
				LastUpgradeCheck = 0920;
				ORGANIZATIONNAME = BRN1907;
				TargetAttributes = {
					B1339FA522F189C40068E088 = {
						CreatedOnToolsVersion = 9.2;
						ProvisioningStyle = Automatic;
					};
					B1339FB922F189C40068E088 = {
						CreatedOnToolsVersion = 9.2;
						ProvisioningStyle = Automatic;
						TestTargetID = B1339FA522F189C40068E088;
					};
					B1339FC422F189C40068E088 = {
						CreatedOnToolsVersion = 9.2;
						ProvisioningStyle = Automatic;
						TestTargetID = B1339FA522F189C40068E088;
					};
				};
			};
			buildConfigurationList = B1339FA122F189C40068E088 /* Build configuration list for PBXProject "b.tech results" */;
			compatibilityVersion = "Xcode 8.0";
			developmentRegion = en;
			hasScannedForEncodings = 0;
			knownRegions = (
				en,
				Base,
			);
			mainGroup = B1339F9D22F189C40068E088;
			productRefGroup = B1339FA722F189C40068E088 /* Products */;
			projectDirPath = "";
			projectRoot = "";
			targets = (
				B1339FA522F189C40068E088 /* b.tech results */,
				B1339FB922F189C40068E088 /* b.tech resultsTests */,
				B1339FC422F189C40068E088 /* b.tech resultsUITests */,
			);
		};
/* End PBXProject section */

/* Begin PBXResourcesBuildPhase section */
		B1339FA422F189C40068E088 /* Resources */ = {
			isa = PBXResourcesBuildPhase;
			buildActionMask = 2147483647;
			files = (
				B1339FB422F189C40068E088 /* LaunchScreen.storyboard in Resources */,
				B1339FB122F189C40068E088 /* Assets.xcassets in Resources */,
				B1339FAF22F189C40068E088 /* Main.storyboard in Resources */,
			);
			runOnlyForDeploymentPostprocessing = 0;
		};
		B1339FB822F189C40068E088 /* Resources */ = {
			isa = PBXResourcesBuildPhase;
			buildActionMask = 2147483647;
			files = (
			);
			runOnlyForDeploymentPostprocessing = 0;
		};
		B1339FC322F189C40068E088 /* Resources */ = {
			isa = PBXResourcesBuildPhase;
			buildActionMask = 2147483647;
			files = (
			);
			runOnlyForDeploymentPostprocessing = 0;
		};
/* End PBXResourcesBuildPhase section */

/* Begin PBXSourcesBuildPhase section */
		B1339FA222F189C40068E088 /* Sources */ = {
			isa = PBXSourcesBuildPhase;
			buildActionMask = 2147483647;
			files = (
				B1339FAC22F189C40068E088 /* ViewController.swift in Sources */,
				B1339FAA22F189C40068E088 /* AppDelegate.swift in Sources */,
			);
			runOnlyForDeploymentPostprocessing = 0;
		};
		B1339FB622F189C40068E088 /* Sources */ = {
			isa = PBXSourcesBuildPhase;
			buildActionMask = 2147483647;
			files = (
				B1339FBF22F189C40068E088 /* b_tech_resultsTests.swift in Sources */,
			);
			runOnlyForDeploymentPostprocessing = 0;
		};
		B1339FC122F189C40068E088 /* Sources */ = {
			isa = PBXSourcesBuildPhase;
			buildActionMask = 2147483647;
			files = (
				B1339FCA22F189C40068E088 /* b_tech_resultsUITests.swift in Sources */,
			);
			runOnlyForDeploymentPostprocessing = 0;
		};
/* End PBXSourcesBuildPhase section */

/* Begin PBXTargetDependency section */
		B1339FBC22F189C40068E088 /* PBXTargetDependency */ = {
			isa = PBXTargetDependency;
			target = B1339FA522F189C40068E088 /* b.tech results */;
			targetProxy = B1339FBB22F189C40068E088 /* PBXContainerItemProxy */;
		};
		B1339FC722F189C40068E088 /* PBXTargetDependency */ = {
			isa = PBXTargetDependency;
			target = B1339FA522F189C40068E088 /* b.tech results */;
			targetProxy = B1339FC622F189C40068E088 /* PBXContainerItemProxy */;
		};
/* End PBXTargetDependency section */

/* Begin PBXVariantGroup section */
		B1339FAD22F189C40068E088 /* Main.storyboard */ = {
			isa = PBXVariantGroup;
			children = (
				B1339FAE22F189C40068E088 /* Base */,
			);
			name = Main.storyboard;
			sourceTree = "<group>";
		};
		B1339FB222F189C40068E088 /* LaunchScreen.storyboard */ = {
			isa = PBXVariantGroup;
			children = (
				B1339FB322F189C40068E088 /* Base */,
			);
			name = LaunchScreen.storyboard;
			sourceTree = "<group>";
		};
/* End PBXVariantGroup section */

/* Begin XCBuildConfiguration section */
		B1339FCC22F189C40068E088 /* Debug */ = {
			isa = XCBuildConfiguration;
			buildSettings = {
				ALWAYS_SEARCH_USER_PATHS = NO;
				CLANG_ANALYZER_NONNULL = YES;
				CLANG_ANALYZER_NUMBER_OBJECT_CONVERSION = YES_AGGRESSIVE;
				CLANG_CXX_LANGUAGE_STANDARD = "gnu++14";
				CLANG_CXX_LIBRARY = "libc++";
				CLANG_ENABLE_MODULES = YES;
				CLANG_ENABLE_OBJC_ARC = YES;
				CLANG_WARN_BLOCK_CAPTURE_AUTORELEASING = YES;
				CLANG_WARN_BOOL_CONVERSION = YES;
				CLANG_WARN_COMMA = YES;
				CLANG_WARN_CONSTANT_CONVERSION = YES;
				CLANG_WARN_DIRECT_OBJC_ISA_USAGE = YES_ERROR;
				CLANG_WARN_DOCUMENTATION_COMMENTS = YES;
				CLANG_WARN_EMPTY_BODY = YES;
				CLANG_WARN_ENUM_CONVERSION = YES;
				CLANG_WARN_INFINITE_RECURSION = YES;
				CLANG_WARN_INT_CONVERSION = YES;
				CLANG_WARN_NON_LITERAL_NULL_CONVERSION = YES;
				CLANG_WARN_OBJC_LITERAL_CONVERSION = YES;
				CLANG_WARN_OBJC_ROOT_CLASS = YES_ERROR;
				CLANG_WARN_RANGE_LOOP_ANALYSIS = YES;
				CLANG_WARN_STRICT_PROTOTYPES = YES;
				CLANG_WARN_SUSPICIOUS_MOVE = YES;
				CLANG_WARN_UNGUARDED_AVAILABILITY = YES_AGGRESSIVE;
				CLANG_WARN_UNREACHABLE_CODE = YES;
				CLANG_WARN__DUPLICATE_METHOD_MATCH = YES;
				CODE_SIGN_IDENTITY = "iPhone Developer";
				COPY_PHASE_STRIP = NO;
				DEBUG_INFORMATION_FORMAT = dwarf;
				ENABLE_STRICT_OBJC_MSGSEND = YES;
				ENABLE_TESTABILITY = YES;
				GCC_C_LANGUAGE_STANDARD = gnu11;
				GCC_DYNAMIC_NO_PIC = NO;
				GCC_NO_COMMON_BLOCKS = YES;
				GCC_OPTIMIZATION_LEVEL = 0;
				GCC_PREPROCESSOR_DEFINITIONS = (
					"DEBUG=1",
					"$(inherited)",
				);
				GCC_WARN_64_TO_32_BIT_CONVERSION = YES;
				GCC_WARN_ABOUT_RETURN_TYPE = YES_ERROR;
				GCC_WARN_UNDECLARED_SELECTOR = YES;
				GCC_WARN_UNINITIALIZED_AUTOS = YES_AGGRESSIVE;
				GCC_WARN_UNUSED_FUNCTION = YES;
				GCC_WARN_UNUSED_VARIABLE = YES;
				IPHONEOS_DEPLOYMENT_TARGET = 11.2;
				MTL_ENABLE_DEBUG_INFO = YES;
				ONLY_ACTIVE_ARCH = YES;
				SDKROOT = iphoneos;
				SWIFT_ACTIVE_COMPILATION_CONDITIONS = DEBUG;
				SWIFT_OPTIMIZATION_LEVEL = "-Onone";
			};
			name = Debug;
		};
		B1339FCD22F189C40068E088 /* Release */ = {
			isa = XCBuildConfiguration;
			buildSettings = {
				ALWAYS_SEARCH_USER_PATHS = NO;
				CLANG_ANALYZER_NONNULL = YES;
				CLANG_ANALYZER_NUMBER_OBJECT_CONVERSION = YES_AGGRESSIVE;
				CLANG_CXX_LANGUAGE_STANDARD = "gnu++14";
				CLANG_CXX_LIBRARY = "libc++";
				CLANG_ENABLE_MODULES = YES;
				CLANG_ENABLE_OBJC_ARC = YES;
				CLANG_WARN_BLOCK_CAPTURE_AUTORELEASING = YES;
				CLANG_WARN_BOOL_CONVERSION = YES;
				CLANG_WARN_COMMA = YES;
				CLANG_WARN_CONSTANT_CONVERSION = YES;
				CLANG_WARN_DIRECT_OBJC_ISA_USAGE = YES_ERROR;
				CLANG_WARN_DOCUMENTATION_COMMENTS = YES;
				CLANG_WARN_EMPTY_BODY = YES;
				CLANG_WARN_ENUM_CONVERSION = YES;
				CLANG_WARN_INFINITE_RECURSION = YES;
				CLANG_WARN_INT_CONVERSION = YES;
				CLANG_WARN_NON_LITERAL_NULL_CONVERSION = YES;
				CLANG_WARN_OBJC_LITERAL_CONVERSION = YES;
				CLANG_WARN_OBJC_ROOT_CLASS = YES_ERROR;
				CLANG_WARN_RANGE_LOOP_ANALYSIS = YES;
				CLANG_WARN_STRICT_PROTOTYPES = YES;
				CLANG_WARN_SUSPICIOUS_MOVE = YES;
				CLANG_WARN_UNGUARDED_AVAILABILITY = YES_AGGRESSIVE;
				CLANG_WARN_UNREACHABLE_CODE = YES;
				CLANG_WARN__DUPLICATE_METHOD_MATCH = YES;
				CODE_SIGN_IDENTITY = "iPhone Developer";
				COPY_PHASE_STRIP = NO;
				DEBUG_INFORMATION_FORMAT = "dwarf-with-dsym";
				ENABLE_NS_ASSERTIONS = NO;
				ENABLE_STRICT_OBJC_MSGSEND = YES;
				GCC_C_LANGUAGE_STANDARD = gnu11;
				GCC_NO_COMMON_BLOCKS = YES;
				GCC_WARN_64_TO_32_BIT_CONVERSION = YES;
				GCC_WARN_ABOUT_RETURN_TYPE = YES_ERROR;
				GCC_WARN_UNDECLARED_SELECTOR = YES;
				GCC_WARN_UNINITIALIZED_AUTOS = YES_AGGRESSIVE;
				GCC_WARN_UNUSED_FUNCTION = YES;
				GCC_WARN_UNUSED_VARIABLE = YES;
				IPHONEOS_DEPLOYMENT_TARGET = 11.2;
				MTL_ENABLE_DEBUG_INFO = NO;
				SDKROOT = iphoneos;
				SWIFT_OPTIMIZATION_LEVEL = "-Owholemodule";
				VALIDATE_PRODUCT = YES;
			};
			name = Release;
		};
		B1339FCF22F189C40068E088 /* Debug */ = {
			isa = XCBuildConfiguration;
			buildSettings = {
				ASSETCATALOG_COMPILER_APPICON_NAME = AppIcon;
				CODE_SIGN_STYLE = Automatic;
				INFOPLIST_FILE = "b.tech results/Info.plist";
				LD_RUNPATH_SEARCH_PATHS = "$(inherited) @executable_path/Frameworks";
				PRODUCT_BUNDLE_IDENTIFIER = "shanth-kumar.b-tech-results";
				PRODUCT_NAME = "$(TARGET_NAME)";
				SWIFT_VERSION = 4.0;
				TARGETED_DEVICE_FAMILY = "1,2";
			};
			name = Debug;
		};
		B1339FD022F189C40068E088 /* Release */ = {
			isa = XCBuildConfiguration;
			buildSettings = {
				ASSETCATALOG_COMPILER_APPICON_NAME = AppIcon;
				CODE_SIGN_STYLE = Automatic;
				INFOPLIST_FILE = "b.tech results/Info.plist";
				LD_RUNPATH_SEARCH_PATHS = "$(inherited) @executable_path/Frameworks";
				PRODUCT_BUNDLE_IDENTIFIER = "shanth-kumar.b-tech-results";
				PRODUCT_NAME = "$(TARGET_NAME)";
				SWIFT_VERSION = 4.0;
				TARGETED_DEVICE_FAMILY = "1,2";
			};
			name = Release;
		};
		B1339FD222F189C40068E088 /* Debug */ = {
			isa = XCBuildConfiguration;
			buildSettings = {
				ALWAYS_EMBED_SWIFT_STANDARD_LIBRARIES = YES;
				BUNDLE_LOADER = "$(TEST_HOST)";
				CODE_SIGN_STYLE = Automatic;
				INFOPLIST_FILE = "b.tech resultsTests/Info.plist";
				LD_RUNPATH_SEARCH_PATHS = "$(inherited) @executable_path/Frameworks @loader_path/Frameworks";
				PRODUCT_BUNDLE_IDENTIFIER = "shanth-kumar.b-tech-resultsTests";
				PRODUCT_NAME = "$(TARGET_NAME)";
				SWIFT_VERSION = 4.0;
				TARGETED_DEVICE_FAMILY = "1,2";
				TEST_HOST = "$(BUILT_PRODUCTS_DIR)/b.tech results.app/b.tech results";
			};
			name = Debug;
		};
		B1339FD322F189C40068E088 /* Release */ = {
			isa = XCBuildConfiguration;
			buildSettings = {
				ALWAYS_EMBED_SWIFT_STANDARD_LIBRARIES = YES;
				BUNDLE_LOADER = "$(TEST_HOST)";
				CODE_SIGN_STYLE = Automatic;
				INFOPLIST_FILE = "b.tech resultsTests/Info.plist";
				LD_RUNPATH_SEARCH_PATHS = "$(inherited) @executable_path/Frameworks @loader_path/Frameworks";
				PRODUCT_BUNDLE_IDENTIFIER = "shanth-kumar.b-tech-resultsTests";
				PRODUCT_NAME = "$(TARGET_NAME)";
				SWIFT_VERSION = 4.0;
				TARGETED_DEVICE_FAMILY = "1,2";
				TEST_HOST = "$(BUILT_PRODUCTS_DIR)/b.tech results.app/b.tech results";
			};
			name = Release;
		};
		B1339FD522F189C40068E088 /* Debug */ = {
			isa = XCBuildConfiguration;
			buildSettings = {
				ALWAYS_EMBED_SWIFT_STANDARD_LIBRARIES = YES;
				CODE_SIGN_STYLE = Automatic;
				INFOPLIST_FILE = "b.tech resultsUITests/Info.plist";
				LD_RUNPATH_SEARCH_PATHS = "$(inherited) @executable_path/Frameworks @loader_path/Frameworks";
				PRODUCT_BUNDLE_IDENTIFIER = "shanth-kumar.b-tech-resultsUITests";
				PRODUCT_NAME = "$(TARGET_NAME)";
				SWIFT_VERSION = 4.0;
				TARGETED_DEVICE_FAMILY = "1,2";
				TEST_TARGET_NAME = "b.tech results";
			};
			name = Debug;
		};
		B1339FD622F189C40068E088 /* Release */ = {
			isa = XCBuildConfiguration;
			buildSettings = {
				ALWAYS_EMBED_SWIFT_STANDARD_LIBRARIES = YES;
				CODE_SIGN_STYLE = Automatic;
				INFOPLIST_FILE = "b.tech resultsUITests/Info.plist";
				LD_RUNPATH_SEARCH_PATHS = "$(inherited) @executable_path/Frameworks @loader_path/Frameworks";
				PRODUCT_BUNDLE_IDENTIFIER = "shanth-kumar.b-tech-resultsUITests";
				PRODUCT_NAME = "$(TARGET_NAME)";
				SWIFT_VERSION = 4.0;
				TARGETED_DEVICE_FAMILY = "1,2";
				TEST_TARGET_NAME = "b.tech results";
			};
			name = Release;
		};
/* End XCBuildConfiguration section */

/* Begin XCConfigurationList section */
		B1339FA122F189C40068E088 /* Build configuration list for PBXProject "b.tech results" */ = {
			isa = XCConfigurationList;
			buildConfigurations = (
				B1339FCC22F189C40068E088 /* Debug */,
				B1339FCD22F189C40068E088 /* Release */,
			);
			defaultConfigurationIsVisible = 0;
			defaultConfigurationName = Release;
		};
		B1339FCE22F189C40068E088 /* Build configuration list for PBXNativeTarget "b.tech results" */ = {
			isa = XCConfigurationList;
			buildConfigurations = (
				B1339FCF22F189C40068E088 /* Debug */,
				B1339FD022F189C40068E088 /* Release */,
			);
			defaultConfigurationIsVisible = 0;
			defaultConfigurationName = Release;
		};
		B1339FD122F189C40068E088 /* Build configuration list for PBXNativeTarget "b.tech resultsTests" */ = {
			isa = XCConfigurationList;
			buildConfigurations = (
				B1339FD222F189C40068E088 /* Debug */,
				B1339FD322F189C40068E088 /* Release */,
			);
			defaultConfigurationIsVisible = 0;
			defaultConfigurationName = Release;
		};
		B1339FD422F189C40068E088 /* Build configuration list for PBXNativeTarget "b.tech resultsUITests" */ = {
			isa = XCConfigurationList;
			buildConfigurations = (
				B1339FD522F189C40068E088 /* Debug */,
				B1339FD622F189C40068E088 /* Release */,
			);
			defaultConfigurationIsVisible = 0;
			defaultConfigurationName = Release;
		};
/* End XCConfigurationList section */
	};
	rootObject = B1339F9E22F189C40068E088 /* Project object */;
}
